
Microsoft Visual Studio Solution File, Format Version 12.00
# Visual Studio Version 17
VisualStudioVersion = 17.12.35527.113
MinimumVisualStudioVersion = 10.0.40219.1
Project("{FAE04EC0-301F-11D3-BF4B-00C04F79EFBC}") = "Moovies", "Moovies\Moovies.csproj", "{6B342EBF-DABA-42D7-895C-41E92D01B61D}"
EndProject
Project("{FAE04EC0-301F-11D3-BF4B-00C04F79EFBC}") = "Movies.Data", "Movies.Data\Movies.Data.csproj", "{6AA0AC56-3858-41BD-B476-5949240A9178}"
EndProject
Project("{FAE04EC0-301F-11D3-BF4B-00C04F79EFBC}") = "Movies.Core", "Movies.Core\Movies.Core.csproj", "{F5F8A1ED-2F1F-41A6-B6B2-A1DB6EE7CD2B}"
EndProject
Project("{FAE04EC0-301F-11D3-BF4B-00C04F79EFBC}") = "Movies.Services", "Movies.Services\Movies.Services.csproj", "{C3AC8853-5CF5-4885-B5AC-4D9EEB2DD5A1}"
EndProject
Global
	GlobalSection(SolutionConfigurationPlatforms) = preSolution
		Debug|Any CPU = Debug|Any CPU
		Release|Any CPU = Release|Any CPU
	EndGlobalSection
	GlobalSection(ProjectConfigurationPlatforms) = postSolution
		{6B342EBF-DABA-42D7-895C-41E92D01B61D}.Debug|Any CPU.ActiveCfg = Debug|Any CPU
		{6B342EBF-DABA-42D7-895C-41E92D01B61D}.Debug|Any CPU.Build.0 = Debug|Any CPU
		{6B342EBF-DABA-42D7-895C-41E92D01B61D}.Release|Any CPU.ActiveCfg = Release|Any CPU
		{6B342EBF-DABA-42D7-895C-41E92D01B61D}.Release|Any CPU.Build.0 = Release|Any CPU
		{6AA0AC56-3858-41BD-B476-5949240A9178}.Debug|Any CPU.ActiveCfg = Debug|Any CPU
		{6AA0AC56-3858-41BD-B476-5949240A9178}.Debug|Any CPU.Build.0 = Debug|Any CPU
		{6AA0AC56-3858-41BD-B476-5949240A9178}.Release|Any CPU.ActiveCfg = Release|Any CPU
		{6AA0AC56-3858-41BD-B476-5949240A9178}.Release|Any CPU.Build.0 = Release|Any CPU
		{F5F8A1ED-2F1F-41A6-B6B2-A1DB6EE7CD2B}.Debug|Any CPU.ActiveCfg = Debug|Any CPU
		{F5F8A1ED-2F1F-41A6-B6B2-A1DB6EE7CD2B}.Debug|Any CPU.Build.0 = Debug|Any CPU
		{F5F8A1ED-2F1F-41A6-B6B2-A1DB6EE7CD2B}.Release|Any CPU.ActiveCfg = Release|Any CPU
		{F5F8A1ED-2F1F-41A6-B6B2-A1DB6EE7CD2B}.Release|Any CPU.Build.0 = Release|Any CPU
		{C3AC8853-5CF5-4885-B5AC-4D9EEB2DD5A1}.Debug|Any CPU.ActiveCfg = Debug|Any CPU
		{C3AC8853-5CF5-4885-B5AC-4D9EEB2DD5A1}.Debug|Any CPU.Build.0 = Debug|Any CPU
		{C3AC8853-5CF5-4885-B5AC-4D9EEB2DD5A1}.Release|Any CPU.ActiveCfg = Release|Any CPU
		{C3AC8853-5CF5-4885-B5AC-4D9EEB2DD5A1}.Release|Any CPU.Build.0 = Release|Any CPU
	EndGlobalSection
	GlobalSection(SolutionProperties) = preSolution
		HideSolutionNode = FALSE
	EndGlobalSection
EndGlobal
